
Microsoft Visual Studio Solution File, Format Version 12.00
# Visual Studio Version 17
VisualStudioVersion = 17.9.34728.123
MinimumVisualStudioVersion = 10.0.40219.1
Project("{9A19103F-16F7-4668-BE54-9A1E7A4F7556}") = "LibraryApp", "LibraryApp.csproj", "{BBB18933-982A-427E-A977-2C82358F30C3}"
EndProject
Project("{54435603-DBB4-11D2-8724-00A0C9A8B90C}") = "SetupInstaller", "..\SetupInstaller\SetupInstaller.vdproj", "{D8159F39-1114-4A4F-BC91-F48B1C352025}"
EndProject
Global
	GlobalSection(SolutionConfigurationPlatforms) = preSolution
		Debug|Any CPU = Debug|Any CPU
		Release|Any CPU = Release|Any CPU
	EndGlobalSection
	GlobalSection(ProjectConfigurationPlatforms) = postSolution
		{BBB18933-982A-427E-A977-2C82358F30C3}.Debug|Any CPU.ActiveCfg = Debug|Any CPU
		{BBB18933-982A-427E-A977-2C82358F30C3}.Debug|Any CPU.Build.0 = Debug|Any CPU
		{BBB18933-982A-427E-A977-2C82358F30C3}.Release|Any CPU.ActiveCfg = Release|Any CPU
		{BBB18933-982A-427E-A977-2C82358F30C3}.Release|Any CPU.Build.0 = Release|Any CPU
		{D8159F39-1114-4A4F-BC91-F48B1C352025}.Debug|Any CPU.ActiveCfg = Debug
		{D8159F39-1114-4A4F-BC91-F48B1C352025}.Release|Any CPU.ActiveCfg = Release
	EndGlobalSection
	GlobalSection(SolutionProperties) = preSolution
		HideSolutionNode = FALSE
	EndGlobalSection
	GlobalSection(ExtensibilityGlobals) = postSolution
		SolutionGuid = {00B2EE16-A822-4CAD-BE60-4A7927FB42D6}
	EndGlobalSection
EndGlobal
